
Microsoft Visual Studio Solution File, Format Version 12.00
# Visual Studio Version 17
VisualStudioVersion = 17.4.33110.190
MinimumVisualStudioVersion = 15.0.26124.0
Project("{9A19103F-16F7-4668-BE54-9A1E7A4F7556}") = "Common.DataAccess", "Common.DataAccess\Common.DataAccess.csproj", "{498B617D-FB23-46BF-9E34-CDEC8218B112}"
EndProject
Project("{9A19103F-16F7-4668-BE54-9A1E7A4F7556}") = "Common.DTO", "Common.DTO\Common.DTO.csproj", "{5C831ED6-9F93-4660-B270-74D33DC2D7FE}"
EndProject
Project("{9A19103F-16F7-4668-BE54-9A1E7A4F7556}") = "Common.Infrastructure", "Common.Infrastructure\Common.Infrastructure.csproj", "{44F5A49D-53FB-4F1C-8422-1E67327C5022}"
EndProject
Project("{9A19103F-16F7-4668-BE54-9A1E7A4F7556}") = "Common.Functions", "Common.Functions\Common.Functions.csproj", "{FB87BF62-71EC-4CC5-A06A-70131F6A0DDA}"
EndProject
Project("{9A19103F-16F7-4668-BE54-9A1E7A4F7556}") = "Common.Domain", "Common.Models\Common.Domain.csproj", "{099292A5-D00A-475A-B41C-94B0C820E921}"
EndProject
Project("{9A19103F-16F7-4668-BE54-9A1E7A4F7556}") = "Mach.DTO", "Mach.DTO\Mach.DTO.csproj", "{15DFD327-41E1-4176-9A0E-34EB4F7131A4}"
EndProject
Project("{9A19103F-16F7-4668-BE54-9A1E7A4F7556}") = "Mach.Infrastructure", "Mach.Infrastructure\Mach.Infrastructure.csproj", "{2049E9CD-23AA-405F-A29E-C86417930B88}"
EndProject
Project("{9A19103F-16F7-4668-BE54-9A1E7A4F7556}") = "Mach.API", "Mach.API\Mach.API.csproj", "{ACD71C2B-CCAF-4CFA-A4B1-CBC0F5DA5D79}"
EndProject
Project("{9A19103F-16F7-4668-BE54-9A1E7A4F7556}") = "Mach.Domain", "Mach.Domain\Mach.Domain.csproj", "{3FB493CA-0C3D-4E37-80CB-EDAFF6A33025}"
EndProject
Project("{9A19103F-16F7-4668-BE54-9A1E7A4F7556}") = "Mach.Application", "Mach.Application\Mach.Application.csproj", "{C259AB77-1BF2-48D4-AC16-64DB03DFAFB1}"
EndProject
Project("{9A19103F-16F7-4668-BE54-9A1E7A4F7556}") = "Mach.DataAccess", "Mach.Persistence\Mach.DataAccess.csproj", "{A79CB927-3283-4F27-A14F-BFE33EE45B63}"
EndProject
Global
	GlobalSection(SolutionConfigurationPlatforms) = preSolution
		Debug|Any CPU = Debug|Any CPU
		Debug|x64 = Debug|x64
		Debug|x86 = Debug|x86
		Release|Any CPU = Release|Any CPU
		Release|x64 = Release|x64
		Release|x86 = Release|x86
	EndGlobalSection
	GlobalSection(ProjectConfigurationPlatforms) = postSolution
		{498B617D-FB23-46BF-9E34-CDEC8218B112}.Debug|Any CPU.ActiveCfg = Debug|Any CPU
		{498B617D-FB23-46BF-9E34-CDEC8218B112}.Debug|Any CPU.Build.0 = Debug|Any CPU
		{498B617D-FB23-46BF-9E34-CDEC8218B112}.Debug|x64.ActiveCfg = Debug|Any CPU
		{498B617D-FB23-46BF-9E34-CDEC8218B112}.Debug|x64.Build.0 = Debug|Any CPU
		{498B617D-FB23-46BF-9E34-CDEC8218B112}.Debug|x86.ActiveCfg = Debug|Any CPU
		{498B617D-FB23-46BF-9E34-CDEC8218B112}.Debug|x86.Build.0 = Debug|Any CPU
		{498B617D-FB23-46BF-9E34-CDEC8218B112}.Release|Any CPU.ActiveCfg = Release|Any CPU
		{498B617D-FB23-46BF-9E34-CDEC8218B112}.Release|Any CPU.Build.0 = Release|Any CPU
		{498B617D-FB23-46BF-9E34-CDEC8218B112}.Release|x64.ActiveCfg = Release|Any CPU
		{498B617D-FB23-46BF-9E34-CDEC8218B112}.Release|x64.Build.0 = Release|Any CPU
		{498B617D-FB23-46BF-9E34-CDEC8218B112}.Release|x86.ActiveCfg = Release|Any CPU
		{498B617D-FB23-46BF-9E34-CDEC8218B112}.Release|x86.Build.0 = Release|Any CPU
		{5C831ED6-9F93-4660-B270-74D33DC2D7FE}.Debug|Any CPU.ActiveCfg = Debug|Any CPU
		{5C831ED6-9F93-4660-B270-74D33DC2D7FE}.Debug|Any CPU.Build.0 = Debug|Any CPU
		{5C831ED6-9F93-4660-B270-74D33DC2D7FE}.Debug|x64.ActiveCfg = Debug|Any CPU
		{5C831ED6-9F93-4660-B270-74D33DC2D7FE}.Debug|x64.Build.0 = Debug|Any CPU
		{5C831ED6-9F93-4660-B270-74D33DC2D7FE}.Debug|x86.ActiveCfg = Debug|Any CPU
		{5C831ED6-9F93-4660-B270-74D33DC2D7FE}.Debug|x86.Build.0 = Debug|Any CPU
		{5C831ED6-9F93-4660-B270-74D33DC2D7FE}.Release|Any CPU.ActiveCfg = Release|Any CPU
		{5C831ED6-9F93-4660-B270-74D33DC2D7FE}.Release|Any CPU.Build.0 = Release|Any CPU
		{5C831ED6-9F93-4660-B270-74D33DC2D7FE}.Release|x64.ActiveCfg = Release|Any CPU
		{5C831ED6-9F93-4660-B270-74D33DC2D7FE}.Release|x64.Build.0 = Release|Any CPU
		{5C831ED6-9F93-4660-B270-74D33DC2D7FE}.Release|x86.ActiveCfg = Release|Any CPU
		{5C831ED6-9F93-4660-B270-74D33DC2D7FE}.Release|x86.Build.0 = Release|Any CPU
		{44F5A49D-53FB-4F1C-8422-1E67327C5022}.Debug|Any CPU.ActiveCfg = Debug|Any CPU
		{44F5A49D-53FB-4F1C-8422-1E67327C5022}.Debug|Any CPU.Build.0 = Debug|Any CPU
		{44F5A49D-53FB-4F1C-8422-1E67327C5022}.Debug|x64.ActiveCfg = Debug|Any CPU
		{44F5A49D-53FB-4F1C-8422-1E67327C5022}.Debug|x64.Build.0 = Debug|Any CPU
		{44F5A49D-53FB-4F1C-8422-1E67327C5022}.Debug|x86.ActiveCfg = Debug|Any CPU
		{44F5A49D-53FB-4F1C-8422-1E67327C5022}.Debug|x86.Build.0 = Debug|Any CPU
		{44F5A49D-53FB-4F1C-8422-1E67327C5022}.Release|Any CPU.ActiveCfg = Release|Any CPU
		{44F5A49D-53FB-4F1C-8422-1E67327C5022}.Release|Any CPU.Build.0 = Release|Any CPU
		{44F5A49D-53FB-4F1C-8422-1E67327C5022}.Release|x64.ActiveCfg = Release|Any CPU
		{44F5A49D-53FB-4F1C-8422-1E67327C5022}.Release|x64.Build.0 = Release|Any CPU
		{44F5A49D-53FB-4F1C-8422-1E67327C5022}.Release|x86.ActiveCfg = Release|Any CPU
		{44F5A49D-53FB-4F1C-8422-1E67327C5022}.Release|x86.Build.0 = Release|Any CPU
		{FB87BF62-71EC-4CC5-A06A-70131F6A0DDA}.Debug|Any CPU.ActiveCfg = Debug|Any CPU
		{FB87BF62-71EC-4CC5-A06A-70131F6A0DDA}.Debug|Any CPU.Build.0 = Debug|Any CPU
		{FB87BF62-71EC-4CC5-A06A-70131F6A0DDA}.Debug|x64.ActiveCfg = Debug|Any CPU
		{FB87BF62-71EC-4CC5-A06A-70131F6A0DDA}.Debug|x64.Build.0 = Debug|Any CPU
		{FB87BF62-71EC-4CC5-A06A-70131F6A0DDA}.Debug|x86.ActiveCfg = Debug|Any CPU
		{FB87BF62-71EC-4CC5-A06A-70131F6A0DDA}.Debug|x86.Build.0 = Debug|Any CPU
		{FB87BF62-71EC-4CC5-A06A-70131F6A0DDA}.Release|Any CPU.ActiveCfg = Release|Any CPU
		{FB87BF62-71EC-4CC5-A06A-70131F6A0DDA}.Release|Any CPU.Build.0 = Release|Any CPU
		{FB87BF62-71EC-4CC5-A06A-70131F6A0DDA}.Release|x64.ActiveCfg = Release|Any CPU
		{FB87BF62-71EC-4CC5-A06A-70131F6A0DDA}.Release|x64.Build.0 = Release|Any CPU
		{FB87BF62-71EC-4CC5-A06A-70131F6A0DDA}.Release|x86.ActiveCfg = Release|Any CPU
		{FB87BF62-71EC-4CC5-A06A-70131F6A0DDA}.Release|x86.Build.0 = Release|Any CPU
		{099292A5-D00A-475A-B41C-94B0C820E921}.Debug|Any CPU.ActiveCfg = Debug|Any CPU
		{099292A5-D00A-475A-B41C-94B0C820E921}.Debug|Any CPU.Build.0 = Debug|Any CPU
		{099292A5-D00A-475A-B41C-94B0C820E921}.Debug|x64.ActiveCfg = Debug|Any CPU
		{099292A5-D00A-475A-B41C-94B0C820E921}.Debug|x64.Build.0 = Debug|Any CPU
		{099292A5-D00A-475A-B41C-94B0C820E921}.Debug|x86.ActiveCfg = Debug|Any CPU
		{099292A5-D00A-475A-B41C-94B0C820E921}.Debug|x86.Build.0 = Debug|Any CPU
		{099292A5-D00A-475A-B41C-94B0C820E921}.Release|Any CPU.ActiveCfg = Release|Any CPU
		{099292A5-D00A-475A-B41C-94B0C820E921}.Release|Any CPU.Build.0 = Release|Any CPU
		{099292A5-D00A-475A-B41C-94B0C820E921}.Release|x64.ActiveCfg = Release|Any CPU
		{099292A5-D00A-475A-B41C-94B0C820E921}.Release|x64.Build.0 = Release|Any CPU
		{099292A5-D00A-475A-B41C-94B0C820E921}.Release|x86.ActiveCfg = Release|Any CPU
		{099292A5-D00A-475A-B41C-94B0C820E921}.Release|x86.Build.0 = Release|Any CPU
		{15DFD327-41E1-4176-9A0E-34EB4F7131A4}.Debug|Any CPU.ActiveCfg = Debug|Any CPU
		{15DFD327-41E1-4176-9A0E-34EB4F7131A4}.Debug|Any CPU.Build.0 = Debug|Any CPU
		{15DFD327-41E1-4176-9A0E-34EB4F7131A4}.Debug|x64.ActiveCfg = Debug|Any CPU
		{15DFD327-41E1-4176-9A0E-34EB4F7131A4}.Debug|x64.Build.0 = Debug|Any CPU
		{15DFD327-41E1-4176-9A0E-34EB4F7131A4}.Debug|x86.ActiveCfg = Debug|Any CPU
		{15DFD327-41E1-4176-9A0E-34EB4F7131A4}.Debug|x86.Build.0 = Debug|Any CPU
		{15DFD327-41E1-4176-9A0E-34EB4F7131A4}.Release|Any CPU.ActiveCfg = Release|Any CPU
		{15DFD327-41E1-4176-9A0E-34EB4F7131A4}.Release|Any CPU.Build.0 = Release|Any CPU
		{15DFD327-41E1-4176-9A0E-34EB4F7131A4}.Release|x64.ActiveCfg = Release|Any CPU
		{15DFD327-41E1-4176-9A0E-34EB4F7131A4}.Release|x64.Build.0 = Release|Any CPU
		{15DFD327-41E1-4176-9A0E-34EB4F7131A4}.Release|x86.ActiveCfg = Release|Any CPU
		{15DFD327-41E1-4176-9A0E-34EB4F7131A4}.Release|x86.Build.0 = Release|Any CPU
		{2049E9CD-23AA-405F-A29E-C86417930B88}.Debug|Any CPU.ActiveCfg = Debug|Any CPU
		{2049E9CD-23AA-405F-A29E-C86417930B88}.Debug|Any CPU.Build.0 = Debug|Any CPU
		{2049E9CD-23AA-405F-A29E-C86417930B88}.Debug|x64.ActiveCfg = Debug|Any CPU
		{2049E9CD-23AA-405F-A29E-C86417930B88}.Debug|x64.Build.0 = Debug|Any CPU
		{2049E9CD-23AA-405F-A29E-C86417930B88}.Debug|x86.ActiveCfg = Debug|Any CPU
		{2049E9CD-23AA-405F-A29E-C86417930B88}.Debug|x86.Build.0 = Debug|Any CPU
		{2049E9CD-23AA-405F-A29E-C86417930B88}.Release|Any CPU.ActiveCfg = Release|Any CPU
		{2049E9CD-23AA-405F-A29E-C86417930B88}.Release|Any CPU.Build.0 = Release|Any CPU
		{2049E9CD-23AA-405F-A29E-C86417930B88}.Release|x64.ActiveCfg = Release|Any CPU
		{2049E9CD-23AA-405F-A29E-C86417930B88}.Release|x64.Build.0 = Release|Any CPU
		{2049E9CD-23AA-405F-A29E-C86417930B88}.Release|x86.ActiveCfg = Release|Any CPU
		{2049E9CD-23AA-405F-A29E-C86417930B88}.Release|x86.Build.0 = Release|Any CPU
		{ACD71C2B-CCAF-4CFA-A4B1-CBC0F5DA5D79}.Debug|Any CPU.ActiveCfg = Debug|Any CPU
		{ACD71C2B-CCAF-4CFA-A4B1-CBC0F5DA5D79}.Debug|Any CPU.Build.0 = Debug|Any CPU
		{ACD71C2B-CCAF-4CFA-A4B1-CBC0F5DA5D79}.Debug|x64.ActiveCfg = Debug|Any CPU
		{ACD71C2B-CCAF-4CFA-A4B1-CBC0F5DA5D79}.Debug|x64.Build.0 = Debug|Any CPU
		{ACD71C2B-CCAF-4CFA-A4B1-CBC0F5DA5D79}.Debug|x86.ActiveCfg = Debug|Any CPU
		{ACD71C2B-CCAF-4CFA-A4B1-CBC0F5DA5D79}.Debug|x86.Build.0 = Debug|Any CPU
		{ACD71C2B-CCAF-4CFA-A4B1-CBC0F5DA5D79}.Release|Any CPU.ActiveCfg = Release|Any CPU
		{ACD71C2B-CCAF-4CFA-A4B1-CBC0F5DA5D79}.Release|Any CPU.Build.0 = Release|Any CPU
		{ACD71C2B-CCAF-4CFA-A4B1-CBC0F5DA5D79}.Release|x64.ActiveCfg = Release|Any CPU
		{ACD71C2B-CCAF-4CFA-A4B1-CBC0F5DA5D79}.Release|x64.Build.0 = Release|Any CPU
		{ACD71C2B-CCAF-4CFA-A4B1-CBC0F5DA5D79}.Release|x86.ActiveCfg = Release|Any CPU
		{ACD71C2B-CCAF-4CFA-A4B1-CBC0F5DA5D79}.Release|x86.Build.0 = Release|Any CPU
		{3FB493CA-0C3D-4E37-80CB-EDAFF6A33025}.Debug|Any CPU.ActiveCfg = Debug|Any CPU
		{3FB493CA-0C3D-4E37-80CB-EDAFF6A33025}.Debug|Any CPU.Build.0 = Debug|Any CPU
		{3FB493CA-0C3D-4E37-80CB-EDAFF6A33025}.Debug|x64.ActiveCfg = Debug|Any CPU
		{3FB493CA-0C3D-4E37-80CB-EDAFF6A33025}.Debug|x64.Build.0 = Debug|Any CPU
		{3FB493CA-0C3D-4E37-80CB-EDAFF6A33025}.Debug|x86.ActiveCfg = Debug|Any CPU
		{3FB493CA-0C3D-4E37-80CB-EDAFF6A33025}.Debug|x86.Build.0 = Debug|Any CPU
		{3FB493CA-0C3D-4E37-80CB-EDAFF6A33025}.Release|Any CPU.ActiveCfg = Release|Any CPU
		{3FB493CA-0C3D-4E37-80CB-EDAFF6A33025}.Release|Any CPU.Build.0 = Release|Any CPU
		{3FB493CA-0C3D-4E37-80CB-EDAFF6A33025}.Release|x64.ActiveCfg = Release|Any CPU
		{3FB493CA-0C3D-4E37-80CB-EDAFF6A33025}.Release|x64.Build.0 = Release|Any CPU
		{3FB493CA-0C3D-4E37-80CB-EDAFF6A33025}.Release|x86.ActiveCfg = Release|Any CPU
		{3FB493CA-0C3D-4E37-80CB-EDAFF6A33025}.Release|x86.Build.0 = Release|Any CPU
		{C259AB77-1BF2-48D4-AC16-64DB03DFAFB1}.Debug|Any CPU.ActiveCfg = Debug|Any CPU
		{C259AB77-1BF2-48D4-AC16-64DB03DFAFB1}.Debug|Any CPU.Build.0 = Debug|Any CPU
		{C259AB77-1BF2-48D4-AC16-64DB03DFAFB1}.Debug|x64.ActiveCfg = Debug|Any CPU
		{C259AB77-1BF2-48D4-AC16-64DB03DFAFB1}.Debug|x64.Build.0 = Debug|Any CPU
		{C259AB77-1BF2-48D4-AC16-64DB03DFAFB1}.Debug|x86.ActiveCfg = Debug|Any CPU
		{C259AB77-1BF2-48D4-AC16-64DB03DFAFB1}.Debug|x86.Build.0 = Debug|Any CPU
		{C259AB77-1BF2-48D4-AC16-64DB03DFAFB1}.Release|Any CPU.ActiveCfg = Release|Any CPU
		{C259AB77-1BF2-48D4-AC16-64DB03DFAFB1}.Release|Any CPU.Build.0 = Release|Any CPU
		{C259AB77-1BF2-48D4-AC16-64DB03DFAFB1}.Release|x64.ActiveCfg = Release|Any CPU
		{C259AB77-1BF2-48D4-AC16-64DB03DFAFB1}.Release|x64.Build.0 = Release|Any CPU
		{C259AB77-1BF2-48D4-AC16-64DB03DFAFB1}.Release|x86.ActiveCfg = Release|Any CPU
		{C259AB77-1BF2-48D4-AC16-64DB03DFAFB1}.Release|x86.Build.0 = Release|Any CPU
		{A79CB927-3283-4F27-A14F-BFE33EE45B63}.Debug|Any CPU.ActiveCfg = Debug|Any CPU
		{A79CB927-3283-4F27-A14F-BFE33EE45B63}.Debug|Any CPU.Build.0 = Debug|Any CPU
		{A79CB927-3283-4F27-A14F-BFE33EE45B63}.Debug|x64.ActiveCfg = Debug|Any CPU
		{A79CB927-3283-4F27-A14F-BFE33EE45B63}.Debug|x64.Build.0 = Debug|Any CPU
		{A79CB927-3283-4F27-A14F-BFE33EE45B63}.Debug|x86.ActiveCfg = Debug|Any CPU
		{A79CB927-3283-4F27-A14F-BFE33EE45B63}.Debug|x86.Build.0 = Debug|Any CPU
		{A79CB927-3283-4F27-A14F-BFE33EE45B63}.Release|Any CPU.ActiveCfg = Release|Any CPU
		{A79CB927-3283-4F27-A14F-BFE33EE45B63}.Release|Any CPU.Build.0 = Release|Any CPU
		{A79CB927-3283-4F27-A14F-BFE33EE45B63}.Release|x64.ActiveCfg = Release|Any CPU
		{A79CB927-3283-4F27-A14F-BFE33EE45B63}.Release|x64.Build.0 = Release|Any CPU
		{A79CB927-3283-4F27-A14F-BFE33EE45B63}.Release|x86.ActiveCfg = Release|Any CPU
		{A79CB927-3283-4F27-A14F-BFE33EE45B63}.Release|x86.Build.0 = Release|Any CPU
	EndGlobalSection
	GlobalSection(SolutionProperties) = preSolution
		HideSolutionNode = FALSE
	EndGlobalSection
	GlobalSection(ExtensibilityGlobals) = postSolution
		SolutionGuid = {27C28DDE-C376-4C6F-A3A3-A57B6161F779}
	EndGlobalSection
EndGlobal
